
Microsoft Visual Studio Solution File, Format Version 12.00
# Visual Studio Version 17
VisualStudioVersion = 17.13.35825.156 d17.13
MinimumVisualStudioVersion = 10.0.40219.1
Project("{FAE04EC0-301F-11D3-BF4B-00C04F79EFBC}") = "PBO_Besar", "PBO_Besar\PBO_Besar.csproj", "{03DB8D42-1E02-466C-897A-915C453678A5}"
EndProject
Global
	GlobalSection(SolutionConfigurationPlatforms) = preSolution
		Debug|Any CPU = Debug|Any CPU
		Release|Any CPU = Release|Any CPU
	EndGlobalSection
	GlobalSection(ProjectConfigurationPlatforms) = postSolution
		{03DB8D42-1E02-466C-897A-915C453678A5}.Debug|Any CPU.ActiveCfg = Debug|Any CPU
		{03DB8D42-1E02-466C-897A-915C453678A5}.Debug|Any CPU.Build.0 = Debug|Any CPU
		{03DB8D42-1E02-466C-897A-915C453678A5}.Release|Any CPU.ActiveCfg = Release|Any CPU
		{03DB8D42-1E02-466C-897A-915C453678A5}.Release|Any CPU.Build.0 = Release|Any CPU
	EndGlobalSection
	GlobalSection(SolutionProperties) = preSolution
		HideSolutionNode = FALSE
	EndGlobalSection
	GlobalSection(ExtensibilityGlobals) = postSolution
		SolutionGuid = {A91E3EF1-E989-4668-A52E-9FAA3B9AF13F}
	EndGlobalSection
EndGlobal
